
Microsoft Visual Studio Solution File, Format Version 12.00
# Visual Studio Version 17
VisualStudioVersion = 17.6.33723.286
MinimumVisualStudioVersion = 10.0.40219.1
Project("{8BC9CEB8-8B4A-11D0-8D11-00A0C91BC942}") = "TimHieuVisual", "LearnOOP\LearnOOP.vcxproj", "{E1A58E16-33F9-4078-801C-ED8A206EBDDB}"
EndProject
Project("{8BC9CEB8-8B4A-11D0-8D11-00A0C91BC942}") = "Bai01", "Bai01\Bai01.vcxproj", "{E5639233-7B47-4B22-98C1-B27AF64DA86D}"
EndProject
Project("{8BC9CEB8-8B4A-11D0-8D11-00A0C91BC942}") = "Bai02", "Bai02\Bai02.vcxproj", "{7A212BD3-FB7E-4AEF-9BDE-E8585E4764E7}"
EndProject
Project("{8BC9CEB8-8B4A-11D0-8D11-00A0C91BC942}") = "Bai03", "Bai03\Bai03.vcxproj", "{D71DA24B-0567-4D75-982B-BBF73A593ADF}"
EndProject
Project("{8BC9CEB8-8B4A-11D0-8D11-00A0C91BC942}") = "Bai04", "Bai04\Bai04.vcxproj", "{4AA2A1A8-0978-4736-AB89-BEFE694A7645}"
EndProject
Project("{8BC9CEB8-8B4A-11D0-8D11-00A0C91BC942}") = "Bai05", "Bai05\Bai05.vcxproj", "{EFD87B6C-C643-4469-AEA1-2E3CD4070A05}"
EndProject
Global
	GlobalSection(SolutionConfigurationPlatforms) = preSolution
		Debug|x64 = Debug|x64
		Debug|x86 = Debug|x86
		Release|x64 = Release|x64
		Release|x86 = Release|x86
	EndGlobalSection
	GlobalSection(ProjectConfigurationPlatforms) = postSolution
		{E1A58E16-33F9-4078-801C-ED8A206EBDDB}.Debug|x64.ActiveCfg = Debug|x64
		{E1A58E16-33F9-4078-801C-ED8A206EBDDB}.Debug|x64.Build.0 = Debug|x64
		{E1A58E16-33F9-4078-801C-ED8A206EBDDB}.Debug|x86.ActiveCfg = Debug|Win32
		{E1A58E16-33F9-4078-801C-ED8A206EBDDB}.Debug|x86.Build.0 = Debug|Win32
		{E1A58E16-33F9-4078-801C-ED8A206EBDDB}.Release|x64.ActiveCfg = Release|x64
		{E1A58E16-33F9-4078-801C-ED8A206EBDDB}.Release|x64.Build.0 = Release|x64
		{E1A58E16-33F9-4078-801C-ED8A206EBDDB}.Release|x86.ActiveCfg = Release|Win32
		{E1A58E16-33F9-4078-801C-ED8A206EBDDB}.Release|x86.Build.0 = Release|Win32
		{E5639233-7B47-4B22-98C1-B27AF64DA86D}.Debug|x64.ActiveCfg = Debug|x64
		{E5639233-7B47-4B22-98C1-B27AF64DA86D}.Debug|x64.Build.0 = Debug|x64
		{E5639233-7B47-4B22-98C1-B27AF64DA86D}.Debug|x86.ActiveCfg = Debug|Win32
		{E5639233-7B47-4B22-98C1-B27AF64DA86D}.Debug|x86.Build.0 = Debug|Win32
		{E5639233-7B47-4B22-98C1-B27AF64DA86D}.Release|x64.ActiveCfg = Release|x64
		{E5639233-7B47-4B22-98C1-B27AF64DA86D}.Release|x64.Build.0 = Release|x64
		{E5639233-7B47-4B22-98C1-B27AF64DA86D}.Release|x86.ActiveCfg = Release|Win32
		{E5639233-7B47-4B22-98C1-B27AF64DA86D}.Release|x86.Build.0 = Release|Win32
		{7A212BD3-FB7E-4AEF-9BDE-E8585E4764E7}.Debug|x64.ActiveCfg = Debug|x64
		{7A212BD3-FB7E-4AEF-9BDE-E8585E4764E7}.Debug|x64.Build.0 = Debug|x64
		{7A212BD3-FB7E-4AEF-9BDE-E8585E4764E7}.Debug|x86.ActiveCfg = Debug|Win32
		{7A212BD3-FB7E-4AEF-9BDE-E8585E4764E7}.Debug|x86.Build.0 = Debug|Win32
		{7A212BD3-FB7E-4AEF-9BDE-E8585E4764E7}.Release|x64.ActiveCfg = Release|x64
		{7A212BD3-FB7E-4AEF-9BDE-E8585E4764E7}.Release|x64.Build.0 = Release|x64
		{7A212BD3-FB7E-4AEF-9BDE-E8585E4764E7}.Release|x86.ActiveCfg = Release|Win32
		{7A212BD3-FB7E-4AEF-9BDE-E8585E4764E7}.Release|x86.Build.0 = Release|Win32
		{D71DA24B-0567-4D75-982B-BBF73A593ADF}.Debug|x64.ActiveCfg = Debug|x64
		{D71DA24B-0567-4D75-982B-BBF73A593ADF}.Debug|x64.Build.0 = Debug|x64
		{D71DA24B-0567-4D75-982B-BBF73A593ADF}.Debug|x86.ActiveCfg = Debug|Win32
		{D71DA24B-0567-4D75-982B-BBF73A593ADF}.Debug|x86.Build.0 = Debug|Win32
		{D71DA24B-0567-4D75-982B-BBF73A593ADF}.Release|x64.ActiveCfg = Release|x64
		{D71DA24B-0567-4D75-982B-BBF73A593ADF}.Release|x64.Build.0 = Release|x64
		{D71DA24B-0567-4D75-982B-BBF73A593ADF}.Release|x86.ActiveCfg = Release|Win32
		{D71DA24B-0567-4D75-982B-BBF73A593ADF}.Release|x86.Build.0 = Release|Win32
		{4AA2A1A8-0978-4736-AB89-BEFE694A7645}.Debug|x64.ActiveCfg = Debug|x64
		{4AA2A1A8-0978-4736-AB89-BEFE694A7645}.Debug|x64.Build.0 = Debug|x64
		{4AA2A1A8-0978-4736-AB89-BEFE694A7645}.Debug|x86.ActiveCfg = Debug|Win32
		{4AA2A1A8-0978-4736-AB89-BEFE694A7645}.Debug|x86.Build.0 = Debug|Win32
		{4AA2A1A8-0978-4736-AB89-BEFE694A7645}.Release|x64.ActiveCfg = Release|x64
		{4AA2A1A8-0978-4736-AB89-BEFE694A7645}.Release|x64.Build.0 = Release|x64
		{4AA2A1A8-0978-4736-AB89-BEFE694A7645}.Release|x86.ActiveCfg = Release|Win32
		{4AA2A1A8-0978-4736-AB89-BEFE694A7645}.Release|x86.Build.0 = Release|Win32
		{EFD87B6C-C643-4469-AEA1-2E3CD4070A05}.Debug|x64.ActiveCfg = Debug|x64
		{EFD87B6C-C643-4469-AEA1-2E3CD4070A05}.Debug|x64.Build.0 = Debug|x64
		{EFD87B6C-C643-4469-AEA1-2E3CD4070A05}.Debug|x86.ActiveCfg = Debug|Win32
		{EFD87B6C-C643-4469-AEA1-2E3CD4070A05}.Debug|x86.Build.0 = Debug|Win32
		{EFD87B6C-C643-4469-AEA1-2E3CD4070A05}.Release|x64.ActiveCfg = Release|x64
		{EFD87B6C-C643-4469-AEA1-2E3CD4070A05}.Release|x64.Build.0 = Release|x64
		{EFD87B6C-C643-4469-AEA1-2E3CD4070A05}.Release|x86.ActiveCfg = Release|Win32
		{EFD87B6C-C643-4469-AEA1-2E3CD4070A05}.Release|x86.Build.0 = Release|Win32
	EndGlobalSection
	GlobalSection(SolutionProperties) = preSolution
		HideSolutionNode = FALSE
	EndGlobalSection
	GlobalSection(ExtensibilityGlobals) = postSolution
		SolutionGuid = {263FCCCB-BC9F-452B-A9CF-17D4702EDDE4}
	EndGlobalSection
EndGlobal
